PODS:
  - EasyLua (1.2.2):
    - lua (~> 5.2)
  - Expecta (1.0.2)
  - lua (5.3.1)
  - Specta (1.0.3)

DEPENDENCIES:
  - EasyLua (from `../`)
  - Expecta
  - lua
  - Specta

EXTERNAL SOURCES:
  EasyLua:
    :path: ../

SPEC CHECKSUMS:
  EasyLua: a67fe349be330fefcaf2ea3eed0d7952d6ee4320
  Expecta: 54e8a3530add08f4f0208c111355eda7cde74a53
  lua: 0d370583cadb5b22b985b486da53dc82508953ee
  Specta: cf3e4188cf35375c3ee2cd03f8db8f1f4ef98234

COCOAPODS: 0.38.2
