PODS:
  - EasyLua (1.1.2):
    - lua (~> 5.2)
  - Expecta (0.3.2)
  - lua (5.2.3)
  - Specta (0.5.0)

DEPENDENCIES:
  - EasyLua (from `../`)
  - Expecta
  - lua
  - Specta

EXTERNAL SOURCES:
  EasyLua:
    :path: ../

SPEC CHECKSUMS:
  EasyLua: d4ff0a517fd205c0de018cb81dc6693ab4bddcf3
  Expecta: 8c507baf13211207b1e9d0a741480600e6b4ed15
  lua: f5dfecaee3325734ef8dd47ec238797ed28b4bf5
  Specta: eb90708ed77569bbda089f8ead10bb99b8e9489e

COCOAPODS: 0.35.0
